Microsoft Visual Studio Solution File, Format Version 12.00
Project("{9A19103F-16F7-4668-BE54-9A1E7A4F7556}") = "dotnet-search", "src\dotnet-search\dotnet-search.csproj", "{EF415A33-8205-472E-92E8-6C7B6CFDE2A0}"
EndProject
Project("{9A19103F-16F7-4668-BE54-9A1E7A4F7556}") = "dotnet-search-test", "test\dotnet-search-test\dotnet-search-test.csproj", "{34348B79-5025-4D72-B911-E32904ABD110}"
EndProject
Global
	GlobalSection(SolutionConfigurationPlatforms) = preSolution
		Testing|Any CPU = Testing|Any CPU
		Local|Any CPU = Local|Any CPU
		Debug|Any CPU = Debug|Any CPU
		Staging|Any CPU = Staging|Any CPU
		Release|Any CPU = Release|Any CPU
	EndGlobalSection
	GlobalSection(ProjectConfigurationPlatforms) = postSolution
		{EF415A33-8205-472E-92E8-6C7B6CFDE2A0}.Testing|Any CPU.ActiveCfg = Testing|Any CPU
		{EF415A33-8205-472E-92E8-6C7B6CFDE2A0}.Testing|Any CPU.Build.0 = Testing|Any CPU
		{EF415A33-8205-472E-92E8-6C7B6CFDE2A0}.Local|Any CPU.ActiveCfg = Local|Any CPU
		{EF415A33-8205-472E-92E8-6C7B6CFDE2A0}.Local|Any CPU.Build.0 = Local|Any CPU
		{EF415A33-8205-472E-92E8-6C7B6CFDE2A0}.Debug|Any CPU.ActiveCfg = Debug|Any CPU
		{EF415A33-8205-472E-92E8-6C7B6CFDE2A0}.Debug|Any CPU.Build.0 = Debug|Any CPU
		{EF415A33-8205-472E-92E8-6C7B6CFDE2A0}.Staging|Any CPU.ActiveCfg = Staging|Any CPU
		{EF415A33-8205-472E-92E8-6C7B6CFDE2A0}.Staging|Any CPU.Build.0 = Staging|Any CPU
		{EF415A33-8205-472E-92E8-6C7B6CFDE2A0}.Release|Any CPU.ActiveCfg = Release|Any CPU
		{EF415A33-8205-472E-92E8-6C7B6CFDE2A0}.Release|Any CPU.Build.0 = Release|Any CPU
		{34348B79-5025-4D72-B911-E32904ABD110}.Testing|Any CPU.ActiveCfg = Testing|Any CPU
		{34348B79-5025-4D72-B911-E32904ABD110}.Testing|Any CPU.Build.0 = Testing|Any CPU
		{34348B79-5025-4D72-B911-E32904ABD110}.Local|Any CPU.ActiveCfg = Local|Any CPU
		{34348B79-5025-4D72-B911-E32904ABD110}.Local|Any CPU.Build.0 = Local|Any CPU
		{34348B79-5025-4D72-B911-E32904ABD110}.Debug|Any CPU.ActiveCfg = Debug|Any CPU
		{34348B79-5025-4D72-B911-E32904ABD110}.Debug|Any CPU.Build.0 = Debug|Any CPU
		{34348B79-5025-4D72-B911-E32904ABD110}.Staging|Any CPU.ActiveCfg = Staging|Any CPU
		{34348B79-5025-4D72-B911-E32904ABD110}.Staging|Any CPU.Build.0 = Staging|Any CPU
		{34348B79-5025-4D72-B911-E32904ABD110}.Release|Any CPU.ActiveCfg = Release|Any CPU
		{34348B79-5025-4D72-B911-E32904ABD110}.Release|Any CPU.Build.0 = Release|Any CPU
	EndGlobalSection
	GlobalSection(SolutionProperties) = preSolution
		HideSolutionNode = FALSE
	EndGlobalSection
	GlobalSection(ExtensibilityGlobals) = postSolution
		SolutionGuid = {5AE65844-8CBF-466B-9A10-4E544E630B3F}
	EndGlobalSection
EndGlobal
